
Microsoft Visual Studio Solution File, Format Version 12.00
# Visual Studio Version 17
VisualStudioVersion = 17.5.33516.290
MinimumVisualStudioVersion = 10.0.40219.1
Project("{9A19103F-16F7-4668-BE54-9A1E7A4F7556}") = "EjerFecha", "EjerFecha\EjerFecha.csproj", "{512CDD6C-CA08-455C-863B-E8DCC6F09FAC}"
EndProject
Project("{FAE04EC0-301F-11D3-BF4B-00C04F79EFBC}") = "TestProject1", "TestProject1\TestProject1.csproj", "{14D06046-EFE7-461F-B15B-AF5F1B76CBA7}"
EndProject
Global
	GlobalSection(SolutionConfigurationPlatforms) = preSolution
		Debug|Any CPU = Debug|Any CPU
		Release|Any CPU = Release|Any CPU
	EndGlobalSection
	GlobalSection(ProjectConfigurationPlatforms) = postSolution
		{512CDD6C-CA08-455C-863B-E8DCC6F09FAC}.Debug|Any CPU.ActiveCfg = Debug|Any CPU
		{512CDD6C-CA08-455C-863B-E8DCC6F09FAC}.Debug|Any CPU.Build.0 = Debug|Any CPU
		{512CDD6C-CA08-455C-863B-E8DCC6F09FAC}.Release|Any CPU.ActiveCfg = Release|Any CPU
		{512CDD6C-CA08-455C-863B-E8DCC6F09FAC}.Release|Any CPU.Build.0 = Release|Any CPU
		{14D06046-EFE7-461F-B15B-AF5F1B76CBA7}.Debug|Any CPU.ActiveCfg = Debug|Any CPU
		{14D06046-EFE7-461F-B15B-AF5F1B76CBA7}.Debug|Any CPU.Build.0 = Debug|Any CPU
		{14D06046-EFE7-461F-B15B-AF5F1B76CBA7}.Release|Any CPU.ActiveCfg = Release|Any CPU
		{14D06046-EFE7-461F-B15B-AF5F1B76CBA7}.Release|Any CPU.Build.0 = Release|Any CPU
	EndGlobalSection
	GlobalSection(SolutionProperties) = preSolution
		HideSolutionNode = FALSE
	EndGlobalSection
	GlobalSection(ExtensibilityGlobals) = postSolution
		SolutionGuid = {3ED0BEDB-7D67-47F2-84D4-D4827A9F6471}
	EndGlobalSection
EndGlobal
