
Microsoft Visual Studio Solution File, Format Version 12.00
# Visual Studio Version 17
VisualStudioVersion = 17.6.33815.320
MinimumVisualStudioVersion = 10.0.40219.1
Project("{FAE04EC0-301F-11D3-BF4B-00C04F79EFBC}") = "ConsoleApp", "ConsoleApp\ConsoleApp.csproj", "{964FB90A-A2C1-4400-BF9F-3927AA208E3F}"
EndProject
Project("{FAE04EC0-301F-11D3-BF4B-00C04F79EFBC}") = "Movies.Business", "Movies.Business\Movies.Business.csproj", "{44707198-D7B5-47D3-AE5A-202AD6733AE3}"
EndProject
Project("{FAE04EC0-301F-11D3-BF4B-00C04F79EFBC}") = "Movies.Entities", "Movies.Entities\Movies.Entities.csproj", "{02B2724A-64E3-4C84-B6B6-E620554DFF48}"
EndProject
Project("{FAE04EC0-301F-11D3-BF4B-00C04F79EFBC}") = "Movies.Data", "Movies.Data\Movies.Data.csproj", "{752433F8-DB02-4411-A845-E393C65C8C36}"
EndProject
Global
	GlobalSection(SolutionConfigurationPlatforms) = preSolution
		Debug|Any CPU = Debug|Any CPU
		Release|Any CPU = Release|Any CPU
	EndGlobalSection
	GlobalSection(ProjectConfigurationPlatforms) = postSolution
		{964FB90A-A2C1-4400-BF9F-3927AA208E3F}.Debug|Any CPU.ActiveCfg = Debug|Any CPU
		{964FB90A-A2C1-4400-BF9F-3927AA208E3F}.Debug|Any CPU.Build.0 = Debug|Any CPU
		{964FB90A-A2C1-4400-BF9F-3927AA208E3F}.Release|Any CPU.ActiveCfg = Release|Any CPU
		{964FB90A-A2C1-4400-BF9F-3927AA208E3F}.Release|Any CPU.Build.0 = Release|Any CPU
		{44707198-D7B5-47D3-AE5A-202AD6733AE3}.Debug|Any CPU.ActiveCfg = Debug|Any CPU
		{44707198-D7B5-47D3-AE5A-202AD6733AE3}.Debug|Any CPU.Build.0 = Debug|Any CPU
		{44707198-D7B5-47D3-AE5A-202AD6733AE3}.Release|Any CPU.ActiveCfg = Release|Any CPU
		{44707198-D7B5-47D3-AE5A-202AD6733AE3}.Release|Any CPU.Build.0 = Release|Any CPU
		{02B2724A-64E3-4C84-B6B6-E620554DFF48}.Debug|Any CPU.ActiveCfg = Debug|Any CPU
		{02B2724A-64E3-4C84-B6B6-E620554DFF48}.Debug|Any CPU.Build.0 = Debug|Any CPU
		{02B2724A-64E3-4C84-B6B6-E620554DFF48}.Release|Any CPU.ActiveCfg = Release|Any CPU
		{02B2724A-64E3-4C84-B6B6-E620554DFF48}.Release|Any CPU.Build.0 = Release|Any CPU
		{752433F8-DB02-4411-A845-E393C65C8C36}.Debug|Any CPU.ActiveCfg = Debug|Any CPU
		{752433F8-DB02-4411-A845-E393C65C8C36}.Debug|Any CPU.Build.0 = Debug|Any CPU
		{752433F8-DB02-4411-A845-E393C65C8C36}.Release|Any CPU.ActiveCfg = Release|Any CPU
		{752433F8-DB02-4411-A845-E393C65C8C36}.Release|Any CPU.Build.0 = Release|Any CPU
	EndGlobalSection
	GlobalSection(SolutionProperties) = preSolution
		HideSolutionNode = FALSE
	EndGlobalSection
	GlobalSection(ExtensibilityGlobals) = postSolution
		SolutionGuid = {FC634729-53DB-4346-9793-82A439BA990A}
	EndGlobalSection
EndGlobal
